{
  "version": 4,
  "terraform_version": "0.12.29",
  "serial": 10,
  "lineage": "762c532c-eef3-ea14-fc2d-ab58d565d726",
  "outputs": {
    "node-ip": {
      "value": "174.129.166.234",
      "type": "string"
    }
  },
  "resources": [
    {
      "mode": "data",
      "type": "aws_ssm_parameter",
      "name": "linuxAmi",
      "provider": "provider.aws",
      "instances": [
        {
          "schema_version": 0,
          "attributes": {
            "arn": "arn:aws:ssm:us-east-1:779136181681:parameter/aws/service/ami-amazon-linux-latest/amzn2-ami-hvm-x86_64-gp2",
            "id": "/aws/service/ami-amazon-linux-latest/amzn2-ami-hvm-x86_64-gp2",
            "name": "/aws/service/ami-amazon-linux-latest/amzn2-ami-hvm-x86_64-gp2",
            "type": "String",
            "value": "ami-0947d2ba12ee1ff75",
            "version": 33,
            "with_decryption": true
          }
        }
      ]
    },
    {
      "mode": "managed",
      "type": "aws_iam_instance_profile",
      "name": "test_profile",
      "provider": "provider.aws",
      "instances": [
        {
          "schema_version": 0,
          "attributes": {
            "arn": "arn:aws:iam::779136181681:instance-profile/test_profile",
            "create_date": "2020-10-27T23:43:21Z",
            "id": "test_profile",
            "name": "test_profile",
            "name_prefix": null,
            "path": "/",
            "role": "test_role",
            "unique_id": "AIPA3K2BCUWYVEWKS6ITR"
          },
          "private": "bnVsbA==",
          "dependencies": [
            "aws_iam_role.test_role"
          ]
        }
      ]
    },
    {
      "mode": "managed",
      "type": "aws_iam_role",
      "name": "test_role",
      "provider": "provider.aws",
      "instances": [
        {
          "schema_version": 0,
          "attributes": {
            "arn": "arn:aws:iam::779136181681:role/test_role",
            "assume_role_policy": "{\"Version\":\"2012-10-17\",\"Statement\":[{\"Sid\":\"\",\"Effect\":\"Allow\",\"Principal\":{\"Service\":\"ec2.amazonaws.com\"},\"Action\":\"sts:AssumeRole\"}]}",
            "create_date": "2020-10-27T23:43:20Z",
            "description": "",
            "force_detach_policies": false,
            "id": "test_role",
            "max_session_duration": 3600,
            "name": "test_role",
            "name_prefix": null,
            "path": "/",
            "permissions_boundary": null,
            "tags": {
              "role": "Role created for SSA certification"
            },
            "unique_id": "AROA3K2BCUWYSMOCQXHXK"
          },
          "private": "bnVsbA=="
        }
      ]
    },
    {
      "mode": "managed",
      "type": "aws_iam_role_policy",
      "name": "test_policy",
      "provider": "provider.aws",
      "instances": [
        {
          "schema_version": 0,
          "attributes": {
            "id": "test_role:test_policy",
            "name": "test_policy",
            "name_prefix": null,
            "policy": "{\n  \"Version\": \"2012-10-17\",\n  \"Statement\": [\n    {\n      \"Action\": [\n        \"s3:*\"\n      ],\n      \"Effect\": \"Allow\",\n      \"Resource\": \"*\"\n    }\n  ]\n}\n",
            "role": "test_role"
          },
          "private": "bnVsbA==",
          "dependencies": [
            "aws_iam_role.test_role"
          ]
        }
      ]
    },
    {
      "mode": "managed",
      "type": "aws_instance",
      "name": "role-test",
      "provider": "provider.aws",
      "instances": [
        {
          "schema_version": 1,
          "attributes": {
            "ami": "ami-0947d2ba12ee1ff75",
            "arn": "arn:aws:ec2:us-east-1:779136181681:instance/i-05af88f4bd4858d36",
            "associate_public_ip_address": true,
            "availability_zone": "us-east-1b",
            "cpu_core_count": 1,
            "cpu_threads_per_core": 1,
            "credit_specification": [
              {
                "cpu_credits": "standard"
              }
            ],
            "disable_api_termination": false,
            "ebs_block_device": [],
            "ebs_optimized": false,
            "ephemeral_block_device": [],
            "get_password_data": false,
            "hibernation": false,
            "host_id": null,
            "iam_instance_profile": "test_profile",
            "id": "i-05af88f4bd4858d36",
            "instance_initiated_shutdown_behavior": null,
            "instance_state": "running",
            "instance_type": "t2.micro",
            "ipv6_address_count": 0,
            "ipv6_addresses": [],
            "key_name": "dgoytia",
            "metadata_options": [
              {
                "http_endpoint": "enabled",
                "http_put_response_hop_limit": 1,
                "http_tokens": "optional"
              }
            ],
            "monitoring": false,
            "network_interface": [],
            "outpost_arn": "",
            "password_data": "",
            "placement_group": "",
            "primary_network_interface_id": "eni-04c6bc37d623975ba",
            "private_dns": "ip-172-31-88-69.ec2.internal",
            "private_ip": "172.31.88.69",
            "public_dns": "ec2-174-129-166-234.compute-1.amazonaws.com",
            "public_ip": "174.129.166.234",
            "root_block_device": [
              {
                "delete_on_termination": true,
                "device_name": "/dev/xvda",
                "encrypted": false,
                "iops": 100,
                "kms_key_id": "",
                "volume_id": "vol-0f12dad290ff5d077",
                "volume_size": 8,
                "volume_type": "gp2"
              }
            ],
            "secondary_private_ips": [],
            "security_groups": [
              "default"
            ],
            "source_dest_check": true,
            "subnet_id": "subnet-bded4d9c",
            "tags": {
              "Name": "test-roles-SSA"
            },
            "tenancy": "default",
            "timeouts": null,
            "user_data": null,
            "user_data_base64": null,
            "volume_tags": {},
            "vpc_security_group_ids": [
              "sg-04e0593c"
            ]
          },
          "private": "eyJlMmJmYjczMC1lY2FhLTExZTYtOGY4OC0zNDM2M2JjN2M0YzAiOnsiY3JlYXRlIjo2MDAwMDAwMDAwMDAsImRlbGV0ZSI6MTIwMDAwMDAwMDAwMCwidXBkYXRlIjo2MDAwMDAwMDAwMDB9LCJzY2hlbWFfdmVyc2lvbiI6IjEifQ==",
          "dependencies": [
            "aws_iam_instance_profile.test_profile",
            "aws_key_pair.node-key"
          ]
        }
      ]
    },
    {
      "mode": "managed",
      "type": "aws_key_pair",
      "name": "node-key",
      "provider": "provider.aws",
      "instances": [
        {
          "schema_version": 1,
          "attributes": {
            "arn": "arn:aws:ec2:us-east-1:779136181681:key-pair/dgoytia",
            "fingerprint": "bc:41:d9:7e:d1:a0:46:ae:c9:56:2f:f2:57:82:20:e6",
            "id": "dgoytia",
            "key_name": "dgoytia",
            "key_name_prefix": null,
            "key_pair_id": "key-0ad9478d266c85405",
            "public_key": "ssh-rsa AAAAB3NzaC1yc2EAAAADAQABAAACAQC6Nh7Q3em5Ybil7brRbqdvylUgdrjwZQ1Ev1F31ws8cQ8hOhMGkKuxBLDmG0Lr1TzeXLpjVCiy8a1bXMi8fGT9LlGm1iFgnTN4ull6YIz3EwBXRHD9lpRBZCCl0XCI8VdCkYTbK/LzwEYopCG8KsS9u1Ld+sDvDHhCv1hCP+HtxhDKNHprFYPQXTHwEgbj6SQYVq0CNWeR8V7buBNJ/OCNDaY69tLxz3on7uxp0+W5r/Cn0AMfUf7AADhu8qZmMUnJnTBvugsugOdAn4p0GMUoeQaEq54BoYP91/PIN0hAD3tIknVc3b4BWYSFCePWp/hX/mrfxtMtxTaicCX93kQKCDtKkArI8ZFfvfphT9YEgJqbbIe92Y4RbtETI8VX8BXdKtfyehlr5tcRCs7Yh9M0k1ZgfyauWK/furRu22GBPhq2T+yy4BeBK9jocHwBEGG0QcXvKPQIQCrfHzUX94BgUyj+J7XRNLjVDTkIwNBHVYmO47IKtGtxRw36LjNg0scEZv1xOqG+5HkG/G179RMFYUp+j9L3ocK8zT0/5a9f23/ZcetHMwUcLMzp1/PJzbnD3Uc0AVoJwQMUDAJbZ/DBkWNL1a0vJQMKVUh0VbkEyufwkH6D2SK/TtM2JX1S1Az443d50/xd6O8hb6CxyF4JbhikhsEBHW+EuBfHZl1cxQ== Diego.Goytia@ibm.com",
            "tags": {}
          },
          "private": "eyJzY2hlbWFfdmVyc2lvbiI6IjEifQ=="
        }
      ]
    }
  ]
}
